PODS:
  - Flutter (1.0.0)
  - flutter_webrtc (1.4.0):
    - Flutter
    - WebRTC-SDK (= 144.7559.09)
  - gamepads_ios (0.1.1):
    - Flutter
  - WebRTC-SDK (144.7559.09)

DEPENDENCIES:
  - Flutter (from `Flutter`)
  - flutter_webrtc (from `.symlinks/plugins/flutter_webrtc/ios`)
  - gamepads_ios (from `.symlinks/plugins/gamepads_ios/ios`)

SPEC REPOS:
  trunk:
    - WebRTC-SDK

EXTERNAL SOURCES:
  Flutter:
    :path: Flutter
  flutter_webrtc:
    :path: ".symlinks/plugins/flutter_webrtc/ios"
  gamepads_ios:
    :path: ".symlinks/plugins/gamepads_ios/ios"

SPEC CHECKSUMS:
  Flutter: cabc95a1d2626b1b06e7179b784ebcf0c0cde467
  flutter_webrtc: 3ee86aa10e0313c38c93fdb215dd86e77014f96a
  gamepads_ios: c75c6d31377d275b0effb9174c619e2705678c09
  WebRTC-SDK: e6006119cd730d6315d875e4a421b6cc8bb88833

PODFILE CHECKSUM: 7e7feb467d86094e2505c35f1f5d514508a9098b

COCOAPODS: 1.16.2
